// !$*UTF8*$!
{
	archiveVersion = 1;
	classes = {
	};
	objectVersion = 77;
	objects = {

/* Begin PBXBuildFile section */
		257BCF4F2D4A40FB00642BFB /* Alamofire in Frameworks */ = {isa = PBXBuildFile; productRef = 257BCF4E2D4A40FB00642BFB /* Alamofire */; };
		257BD08D2D4B7D0100642BFB /* SnapKit in Frameworks */ = {isa = PBXBuildFile; productRef = 257BD08C2D4B7D0100642BFB /* SnapKit */; };
/* End PBXBuildFile section */

/* Begin PBXContainerItemProxy section */
		257BD0C12D52F6AE00642BFB /* PBXContainerItemProxy */ = {
			isa = PBXContainerItemProxy;
			containerPortal = 257BCF022D4A34C100642BFB /* Project object */;
			proxyType = 1;
			remoteGlobalIDString = 257BCF092D4A34C100642BFB;
			remoteInfo = EMTodoList;
		};
/* End PBXContainerItemProxy section */

/* Begin PBXFileReference section */
		257BCF0A2D4A34C100642BFB /* EMTodoList.app */ = {isa = PBXFileReference; explicitFileType = wrapper.application; includeInIndex = 0; path = EMTodoList.app; sourceTree = BUILT_PRODUCTS_DIR; };
		257BD0BD2D52F6AE00642BFB /* EMTodoListTests.xctest */ = {isa = PBXFileReference; explicitFileType = wrapper.cfbundle; includeInIndex = 0; path = EMTodoListTests.xctest; sourceTree = BUILT_PRODUCTS_DIR; };
		257BD0D92D534A7500642BFB /* EMTodoList.xctestplan */ = {isa = PBXFileReference; lastKnownFileType = text; path = EMTodoList.xctestplan; sourceTree = "<group>"; };
/* End PBXFileReference section */

/* Begin PBXFileSystemSynchronizedBuildFileExceptionSet section */
		257BCF1C2D4A34C300642BFB /* Exceptions for "EMTodoList" folder in "EMTodoList" target */ = {
			isa = PBXFileSystemSynchronizedBuildFileExceptionSet;
			membershipExceptions = (
				Info.plist,
			);
			target = 257BCF092D4A34C100642BFB /* EMTodoList */;
		};
/* End PBXFileSystemSynchronizedBuildFileExceptionSet section */

/* Begin PBXFileSystemSynchronizedRootGroup section */
		257BCF0C2D4A34C100642BFB /* EMTodoList */ = {
			isa = PBXFileSystemSynchronizedRootGroup;
			exceptions = (
				257BCF1C2D4A34C300642BFB /* Exceptions for "EMTodoList" folder in "EMTodoList" target */,
			);
			path = EMTodoList;
			sourceTree = "<group>";
		};
		257BD0BE2D52F6AE00642BFB /* EMTodoListTests */ = {
			isa = PBXFileSystemSynchronizedRootGroup;
			path = EMTodoListTests;
			sourceTree = "<group>";
		};
/* End PBXFileSystemSynchronizedRootGroup section */

/* Begin PBXFrameworksBuildPhase section */
		257BCF072D4A34C100642BFB /* Frameworks */ = {
			isa = PBXFrameworksBuildPhase;
			buildActionMask = 2147483647;
			files = (
				257BCF4F2D4A40FB00642BFB /* Alamofire in Frameworks */,
				257BD08D2D4B7D0100642BFB /* SnapKit in Frameworks */,
			);
			runOnlyForDeploymentPostprocessing = 0;
		};
		257BD0BA2D52F6AE00642BFB /* Frameworks */ = {
			isa = PBXFrameworksBuildPhase;
			buildActionMask = 2147483647;
			files = (
			);
			runOnlyForDeploymentPostprocessing = 0;
		};
/* End PBXFrameworksBuildPhase section */

/* Begin PBXGroup section */
		257BCF012D4A34C100642BFB = {
			isa = PBXGroup;
			children = (
				257BD0D92D534A7500642BFB /* EMTodoList.xctestplan */,
				257BCF0C2D4A34C100642BFB /* EMTodoList */,
				257BD0BE2D52F6AE00642BFB /* EMTodoListTests */,
				257BCF0B2D4A34C100642BFB /* Products */,
			);
			sourceTree = "<group>";
		};
		257BCF0B2D4A34C100642BFB /* Products */ = {
			isa = PBXGroup;
			children = (
				257BCF0A2D4A34C100642BFB /* EMTodoList.app */,
				257BD0BD2D52F6AE00642BFB /* EMTodoListTests.xctest */,
			);
			name = Products;
			sourceTree = "<group>";
		};
/* End PBXGroup section */

/* Begin PBXNativeTarget section */
		257BCF092D4A34C100642BFB /* EMTodoList */ = {
			isa = PBXNativeTarget;
			buildConfigurationList = 257BCF1D2D4A34C300642BFB /* Build configuration list for PBXNativeTarget "EMTodoList" */;
			buildPhases = (
				257BCF062D4A34C100642BFB /* Sources */,
				257BCF072D4A34C100642BFB /* Frameworks */,
				257BCF082D4A34C100642BFB /* Resources */,
			);
			buildRules = (
			);
			dependencies = (
			);
			fileSystemSynchronizedGroups = (
				257BCF0C2D4A34C100642BFB /* EMTodoList */,
			);
			name = EMTodoList;
			packageProductDependencies = (
				257BCF4E2D4A40FB00642BFB /* Alamofire */,
				257BD08C2D4B7D0100642BFB /* SnapKit */,
			);
			productName = EMTodoList;
			productReference = 257BCF0A2D4A34C100642BFB /* EMTodoList.app */;
			productType = "com.apple.product-type.application";
		};
		257BD0BC2D52F6AE00642BFB /* EMTodoListTests */ = {
			isa = PBXNativeTarget;
			buildConfigurationList = 257BD0C32D52F6AE00642BFB /* Build configuration list for PBXNativeTarget "EMTodoListTests" */;
			buildPhases = (
				257BD0B92D52F6AE00642BFB /* Sources */,
				257BD0BA2D52F6AE00642BFB /* Frameworks */,
				257BD0BB2D52F6AE00642BFB /* Resources */,
			);
			buildRules = (
			);
			dependencies = (
				257BD0C22D52F6AE00642BFB /* PBXTargetDependency */,
			);
			fileSystemSynchronizedGroups = (
				257BD0BE2D52F6AE00642BFB /* EMTodoListTests */,
			);
			name = EMTodoListTests;
			packageProductDependencies = (
			);
			productName = EMTodoListTests;
			productReference = 257BD0BD2D52F6AE00642BFB /* EMTodoListTests.xctest */;
			productType = "com.apple.product-type.bundle.unit-test";
		};
/* End PBXNativeTarget section */

/* Begin PBXProject section */
		257BCF022D4A34C100642BFB /* Project object */ = {
			isa = PBXProject;
			attributes = {
				BuildIndependentTargetsInParallel = 1;
				LastSwiftUpdateCheck = 1620;
				LastUpgradeCheck = 1620;
				TargetAttributes = {
					257BCF092D4A34C100642BFB = {
						CreatedOnToolsVersion = 16.2;
					};
					257BD0BC2D52F6AE00642BFB = {
						CreatedOnToolsVersion = 16.2;
						TestTargetID = 257BCF092D4A34C100642BFB;
					};
				};
			};
			buildConfigurationList = 257BCF052D4A34C100642BFB /* Build configuration list for PBXProject "EMTodoList" */;
			developmentRegion = en;
			hasScannedForEncodings = 0;
			knownRegions = (
				en,
				Base,
			);
			mainGroup = 257BCF012D4A34C100642BFB;
			minimizedProjectReferenceProxies = 1;
			packageReferences = (
				257BCF4D2D4A40FB00642BFB /* XCRemoteSwiftPackageReference "Alamofire" */,
				257BD08B2D4B7D0100642BFB /* XCRemoteSwiftPackageReference "SnapKit" */,
			);
			preferredProjectObjectVersion = 77;
			productRefGroup = 257BCF0B2D4A34C100642BFB /* Products */;
			projectDirPath = "";
			projectRoot = "";
			targets = (
				257BCF092D4A34C100642BFB /* EMTodoList */,
				257BD0BC2D52F6AE00642BFB /* EMTodoListTests */,
			);
		};
/* End PBXProject section */

/* Begin PBXResourcesBuildPhase section */
		257BCF082D4A34C100642BFB /* Resources */ = {
			isa = PBXResourcesBuildPhase;
			buildActionMask = 2147483647;
			files = (
			);
			runOnlyForDeploymentPostprocessing = 0;
		};
		257BD0BB2D52F6AE00642BFB /* Resources */ = {
			isa = PBXResourcesBuildPhase;
			buildActionMask = 2147483647;
			files = (
			);
			runOnlyForDeploymentPostprocessing = 0;
		};
/* End PBXResourcesBuildPhase section */

/* Begin PBXSourcesBuildPhase section */
		257BCF062D4A34C100642BFB /* Sources */ = {
			isa = PBXSourcesBuildPhase;
			buildActionMask = 2147483647;
			files = (
			);
			runOnlyForDeploymentPostprocessing = 0;
		};
		257BD0B92D52F6AE00642BFB /* Sources */ = {
			isa = PBXSourcesBuildPhase;
			buildActionMask = 2147483647;
			files = (
			);
			runOnlyForDeploymentPostprocessing = 0;
		};
/* End PBXSourcesBuildPhase section */

/* Begin PBXTargetDependency section */
		257BD0C22D52F6AE00642BFB /* PBXTargetDependency */ = {
			isa = PBXTargetDependency;
			target = 257BCF092D4A34C100642BFB /* EMTodoList */;
			targetProxy = 257BD0C12D52F6AE00642BFB /* PBXContainerItemProxy */;
		};
/* End PBXTargetDependency section */

/* Begin XCBuildConfiguration section */
		257BCF1E2D4A34C300642BFB /* Debug */ = {
			isa = XCBuildConfiguration;
			buildSettings = {
				ASSETCATALOG_COMPILER_APPICON_NAME = AppIcon;
				ASSETCATALOG_COMPILER_GLOBAL_ACCENT_COLOR_NAME = AccentColor;
				CODE_SIGN_STYLE = Automatic;
				CURRENT_PROJECT_VERSION = 1;
				GENERATE_INFOPLIST_FILE = YES;
				INFOPLIST_FILE = EMTodoList/Info.plist;
				INFOPLIST_KEY_CFBundleDisplayName = "EM Todo list";
				INFOPLIST_KEY_UIApplicationSupportsIndirectInputEvents = YES;
				INFOPLIST_KEY_UILaunchStoryboardName = LaunchScreen;
				INFOPLIST_KEY_UISupportedInterfaceOrientations = UIInterfaceOrientationPortrait;
				LD_RUNPATH_SEARCH_PATHS = (
					"$(inherited)",
					"@executable_path/Frameworks",
				);
				MARKETING_VERSION = 1.0;
				PRODUCT_BUNDLE_IDENTIFIER = mikhailbereberdin.EMTodoList;
				PRODUCT_NAME = "$(TARGET_NAME)";
				SWIFT_EMIT_LOC_STRINGS = YES;
				SWIFT_VERSION = 5.0;
				TARGETED_DEVICE_FAMILY = "1,2";
			};
			name = Debug;
		};
		257BCF1F2D4A34C300642BFB /* Release */ = {
			isa = XCBuildConfiguration;
			buildSettings = {
				ASSETCATALOG_COMPILER_APPICON_NAME = AppIcon;
				ASSETCATALOG_COMPILER_GLOBAL_ACCENT_COLOR_NAME = AccentColor;
				CODE_SIGN_STYLE = Automatic;
				CURRENT_PROJECT_VERSION = 1;
				GENERATE_INFOPLIST_FILE = YES;
				INFOPLIST_FILE = EMTodoList/Info.plist;
				INFOPLIST_KEY_CFBundleDisplayName = "EM Todo list";
				INFOPLIST_KEY_UIApplicationSupportsIndirectInputEvents = YES;
				INFOPLIST_KEY_UILaunchStoryboardName = LaunchScreen;
				INFOPLIST_KEY_UISupportedInterfaceOrientations = UIInterfaceOrientationPortrait;
				LD_RUNPATH_SEARCH_PATHS = (
					"$(inherited)",
					"@executable_path/Frameworks",
				);
				MARKETING_VERSION = 1.0;
				PRODUCT_BUNDLE_IDENTIFIER = mikhailbereberdin.EMTodoList;
				PRODUCT_NAME = "$(TARGET_NAME)";
				SWIFT_EMIT_LOC_STRINGS = YES;
				SWIFT_VERSION = 5.0;
				TARGETED_DEVICE_FAMILY = "1,2";
			};
			name = Release;
		};
		257BCF202D4A34C300642BFB /* Debug */ = {
			isa = XCBuildConfiguration;
			buildSettings = {
				ALWAYS_SEARCH_USER_PATHS = NO;
				ASSETCATALOG_COMPILER_GENERATE_SWIFT_ASSET_SYMBOL_EXTENSIONS = YES;
				CLANG_ANALYZER_NONNULL = YES;
				CLANG_ANALYZER_NUMBER_OBJECT_CONVERSION = YES_AGGRESSIVE;
				CLANG_CXX_LANGUAGE_STANDARD = "gnu++20";
				CLANG_ENABLE_MODULES = YES;
				CLANG_ENABLE_OBJC_ARC = YES;
				CLANG_ENABLE_OBJC_WEAK = YES;
				CLANG_WARN_BLOCK_CAPTURE_AUTORELEASING = YES;
				CLANG_WARN_BOOL_CONVERSION = YES;
				CLANG_WARN_COMMA = YES;
				CLANG_WARN_CONSTANT_CONVERSION = YES;
				CLANG_WARN_DEPRECATED_OBJC_IMPLEMENTATIONS = YES;
				CLANG_WARN_DIRECT_OBJC_ISA_USAGE = YES_ERROR;
				CLANG_WARN_DOCUMENTATION_COMMENTS = YES;
				CLANG_WARN_EMPTY_BODY = YES;
				CLANG_WARN_ENUM_CONVERSION = YES;
				CLANG_WARN_INFINITE_RECURSION = YES;
				CLANG_WARN_INT_CONVERSION = YES;
				CLANG_WARN_NON_LITERAL_NULL_CONVERSION = YES;
				CLANG_WARN_OBJC_IMPLICIT_RETAIN_SELF = YES;
				CLANG_WARN_OBJC_LITERAL_CONVERSION = YES;
				CLANG_WARN_OBJC_ROOT_CLASS = YES_ERROR;
				CLANG_WARN_QUOTED_INCLUDE_IN_FRAMEWORK_HEADER = YES;
				CLANG_WARN_RANGE_LOOP_ANALYSIS = YES;
				CLANG_WARN_STRICT_PROTOTYPES = YES;
				CLANG_WARN_SUSPICIOUS_MOVE = YES;
				CLANG_WARN_UNGUARDED_AVAILABILITY = YES_AGGRESSIVE;
				CLANG_WARN_UNREACHABLE_CODE = YES;
				CLANG_WARN__DUPLICATE_METHOD_MATCH = YES;
				COPY_PHASE_STRIP = NO;
				DEBUG_INFORMATION_FORMAT = dwarf;
				ENABLE_STRICT_OBJC_MSGSEND = YES;
				ENABLE_TESTABILITY = YES;
				ENABLE_USER_SCRIPT_SANDBOXING = YES;
				GCC_C_LANGUAGE_STANDARD = gnu17;
				GCC_DYNAMIC_NO_PIC = NO;
				GCC_NO_COMMON_BLOCKS = YES;
				GCC_OPTIMIZATION_LEVEL = 0;
				GCC_PREPROCESSOR_DEFINITIONS = (
					"DEBUG=1",
					"$(inherited)",
				);
				GCC_WARN_64_TO_32_BIT_CONVERSION = YES;
				GCC_WARN_ABOUT_RETURN_TYPE = YES_ERROR;
				GCC_WARN_UNDECLARED_SELECTOR = YES;
				GCC_WARN_UNINITIALIZED_AUTOS = YES_AGGRESSIVE;
				GCC_WARN_UNUSED_FUNCTION = YES;
				GCC_WARN_UNUSED_VARIABLE = YES;
				IPHONEOS_DEPLOYMENT_TARGET = 18.2;
				LOCALIZATION_PREFERS_STRING_CATALOGS = YES;
				MTL_ENABLE_DEBUG_INFO = INCLUDE_SOURCE;
				MTL_FAST_MATH = YES;
				ONLY_ACTIVE_ARCH = YES;
				SDKROOT = iphoneos;
				SWIFT_ACTIVE_COMPILATION_CONDITIONS = "DEBUG $(inherited)";
				SWIFT_OPTIMIZATION_LEVEL = "-Onone";
			};
			name = Debug;
		};
		257BCF212D4A34C300642BFB /* Release */ = {
			isa = XCBuildConfiguration;
			buildSettings = {
				ALWAYS_SEARCH_USER_PATHS = NO;
				ASSETCATALOG_COMPILER_GENERATE_SWIFT_ASSET_SYMBOL_EXTENSIONS = YES;
				CLANG_ANALYZER_NONNULL = YES;
				CLANG_ANALYZER_NUMBER_OBJECT_CONVERSION = YES_AGGRESSIVE;
				CLANG_CXX_LANGUAGE_STANDARD = "gnu++20";
				CLANG_ENABLE_MODULES = YES;
				CLANG_ENABLE_OBJC_ARC = YES;
				CLANG_ENABLE_OBJC_WEAK = YES;
				CLANG_WARN_BLOCK_CAPTURE_AUTORELEASING = YES;
				CLANG_WARN_BOOL_CONVERSION = YES;
				CLANG_WARN_COMMA = YES;
				CLANG_WARN_CONSTANT_CONVERSION = YES;
				CLANG_WARN_DEPRECATED_OBJC_IMPLEMENTATIONS = YES;
				CLANG_WARN_DIRECT_OBJC_ISA_USAGE = YES_ERROR;
				CLANG_WARN_DOCUMENTATION_COMMENTS = YES;
				CLANG_WARN_EMPTY_BODY = YES;
				CLANG_WARN_ENUM_CONVERSION = YES;
				CLANG_WARN_INFINITE_RECURSION = YES;
				CLANG_WARN_INT_CONVERSION = YES;
				CLANG_WARN_NON_LITERAL_NULL_CONVERSION = YES;
				CLANG_WARN_OBJC_IMPLICIT_RETAIN_SELF = YES;
				CLANG_WARN_OBJC_LITERAL_CONVERSION = YES;
				CLANG_WARN_OBJC_ROOT_CLASS = YES_ERROR;
				CLANG_WARN_QUOTED_INCLUDE_IN_FRAMEWORK_HEADER = YES;
				CLANG_WARN_RANGE_LOOP_ANALYSIS = YES;
				CLANG_WARN_STRICT_PROTOTYPES = YES;
				CLANG_WARN_SUSPICIOUS_MOVE = YES;
				CLANG_WARN_UNGUARDED_AVAILABILITY = YES_AGGRESSIVE;
				CLANG_WARN_UNREACHABLE_CODE = YES;
				CLANG_WARN__DUPLICATE_METHOD_MATCH = YES;
				COPY_PHASE_STRIP = NO;
				DEBUG_INFORMATION_FORMAT = "dwarf-with-dsym";
				ENABLE_NS_ASSERTIONS = NO;
				ENABLE_STRICT_OBJC_MSGSEND = YES;
				ENABLE_USER_SCRIPT_SANDBOXING = YES;
				GCC_C_LANGUAGE_STANDARD = gnu17;
				GCC_NO_COMMON_BLOCKS = YES;
				GCC_WARN_64_TO_32_BIT_CONVERSION = YES;
				GCC_WARN_ABOUT_RETURN_TYPE = YES_ERROR;
				GCC_WARN_UNDECLARED_SELECTOR = YES;
				GCC_WARN_UNINITIALIZED_AUTOS = YES_AGGRESSIVE;
				GCC_WARN_UNUSED_FUNCTION = YES;
				GCC_WARN_UNUSED_VARIABLE = YES;
				IPHONEOS_DEPLOYMENT_TARGET = 18.2;
				LOCALIZATION_PREFERS_STRING_CATALOGS = YES;
				MTL_ENABLE_DEBUG_INFO = NO;
				MTL_FAST_MATH = YES;
				SDKROOT = iphoneos;
				SWIFT_COMPILATION_MODE = wholemodule;
				VALIDATE_PRODUCT = YES;
			};
			name = Release;
		};
		257BD0C42D52F6AE00642BFB /* Debug */ = {
			isa = XCBuildConfiguration;
			buildSettings = {
				BUNDLE_LOADER = "$(TEST_HOST)";
				CODE_SIGN_STYLE = Automatic;
				CURRENT_PROJECT_VERSION = 1;
				GENERATE_INFOPLIST_FILE = YES;
				IPHONEOS_DEPLOYMENT_TARGET = 18.2;
				MACOSX_DEPLOYMENT_TARGET = 15.2;
				MARKETING_VERSION = 1.0;
				PRODUCT_BUNDLE_IDENTIFIER = mikhailbereberdin.EMTodoListTests;
				PRODUCT_NAME = "$(TARGET_NAME)";
				SDKROOT = auto;
				SUPPORTED_PLATFORMS = "iphoneos iphonesimulator macosx xros xrsimulator";
				SWIFT_EMIT_LOC_STRINGS = NO;
				SWIFT_VERSION = 5.0;
				TARGETED_DEVICE_FAMILY = "1,2,7";
				TEST_HOST = "$(BUILT_PRODUCTS_DIR)/EMTodoList.app/$(BUNDLE_EXECUTABLE_FOLDER_PATH)/EMTodoList";
				XROS_DEPLOYMENT_TARGET = 2.2;
			};
			name = Debug;
		};
		257BD0C52D52F6AE00642BFB /* Release */ = {
			isa = XCBuildConfiguration;
			buildSettings = {
				BUNDLE_LOADER = "$(TEST_HOST)";
				CODE_SIGN_STYLE = Automatic;
				CURRENT_PROJECT_VERSION = 1;
				GENERATE_INFOPLIST_FILE = YES;
				IPHONEOS_DEPLOYMENT_TARGET = 18.2;
				MACOSX_DEPLOYMENT_TARGET = 15.2;
				MARKETING_VERSION = 1.0;
				PRODUCT_BUNDLE_IDENTIFIER = mikhailbereberdin.EMTodoListTests;
				PRODUCT_NAME = "$(TARGET_NAME)";
				SDKROOT = auto;
				SUPPORTED_PLATFORMS = "iphoneos iphonesimulator macosx xros xrsimulator";
				SWIFT_EMIT_LOC_STRINGS = NO;
				SWIFT_VERSION = 5.0;
				TARGETED_DEVICE_FAMILY = "1,2,7";
				TEST_HOST = "$(BUILT_PRODUCTS_DIR)/EMTodoList.app/$(BUNDLE_EXECUTABLE_FOLDER_PATH)/EMTodoList";
				XROS_DEPLOYMENT_TARGET = 2.2;
			};
			name = Release;
		};
/* End XCBuildConfiguration section */

/* Begin XCConfigurationList section */
		257BCF052D4A34C100642BFB /* Build configuration list for PBXProject "EMTodoList" */ = {
			isa = XCConfigurationList;
			buildConfigurations = (
				257BCF202D4A34C300642BFB /* Debug */,
				257BCF212D4A34C300642BFB /* Release */,
			);
			defaultConfigurationIsVisible = 0;
			defaultConfigurationName = Release;
		};
		257BCF1D2D4A34C300642BFB /* Build configuration list for PBXNativeTarget "EMTodoList" */ = {
			isa = XCConfigurationList;
			buildConfigurations = (
				257BCF1E2D4A34C300642BFB /* Debug */,
				257BCF1F2D4A34C300642BFB /* Release */,
			);
			defaultConfigurationIsVisible = 0;
			defaultConfigurationName = Release;
		};
		257BD0C32D52F6AE00642BFB /* Build configuration list for PBXNativeTarget "EMTodoListTests" */ = {
			isa = XCConfigurationList;
			buildConfigurations = (
				257BD0C42D52F6AE00642BFB /* Debug */,
				257BD0C52D52F6AE00642BFB /* Release */,
			);
			defaultConfigurationIsVisible = 0;
			defaultConfigurationName = Release;
		};
/* End XCConfigurationList section */

/* Begin XCRemoteSwiftPackageReference section */
		257BCF4D2D4A40FB00642BFB /* XCRemoteSwiftPackageReference "Alamofire" */ = {
			isa = XCRemoteSwiftPackageReference;
			repositoryURL = "https://github.com/Alamofire/Alamofire";
			requirement = {
				kind = upToNextMajorVersion;
				minimumVersion = 5.10.2;
			};
		};
		257BD08B2D4B7D0100642BFB /* XCRemoteSwiftPackageReference "SnapKit" */ = {
			isa = XCRemoteSwiftPackageReference;
			repositoryURL = "https://github.com/SnapKit/SnapKit";
			requirement = {
				kind = upToNextMajorVersion;
				minimumVersion = 5.7.1;
			};
		};
/* End XCRemoteSwiftPackageReference section */

/* Begin XCSwiftPackageProductDependency section */
		257BCF4E2D4A40FB00642BFB /* Alamofire */ = {
			isa = XCSwiftPackageProductDependency;
			package = 257BCF4D2D4A40FB00642BFB /* XCRemoteSwiftPackageReference "Alamofire" */;
			productName = Alamofire;
		};
		257BD08C2D4B7D0100642BFB /* SnapKit */ = {
			isa = XCSwiftPackageProductDependency;
			package = 257BD08B2D4B7D0100642BFB /* XCRemoteSwiftPackageReference "SnapKit" */;
			productName = SnapKit;
		};
/* End XCSwiftPackageProductDependency section */
	};
	rootObject = 257BCF022D4A34C100642BFB /* Project object */;
}
